// !$*UTF8*$!
{
	archiveVersion = 1;
	classes = {
	};
	objectVersion = 55;
	objects = {

/* Begin PBXBuildFile section */
		666AE4592836E426001E313C /* CoffeeOrderingApp.swift in Sources */ = {isa = PBXBuildFile; fileRef = 666AE4582836E426001E313C /* CoffeeOrderingApp.swift */; };
		666AE45B2836E426001E313C /* ContentView.swift in Sources */ = {isa = PBXBuildFile; fileRef = 666AE45A2836E426001E313C /* ContentView.swift */; };
		666AE45D2836E429001E313C /* Assets.xcassets in Resources */ = {isa = PBXBuildFile; fileRef = 666AE45C2836E429001E313C /* Assets.xcassets */; };
		666AE4602836E429001E313C /* Preview Assets.xcassets in Resources */ = {isa = PBXBuildFile; fileRef = 666AE45F2836E429001E313C /* Preview Assets.xcassets */; };
		666AE4682836E454001E313C /* Coffee.swift in Sources */ = {isa = PBXBuildFile; fileRef = 666AE4672836E454001E313C /* Coffee.swift */; };
		666AE46A2836E689001E313C /* Order.swift in Sources */ = {isa = PBXBuildFile; fileRef = 666AE4692836E689001E313C /* Order.swift */; };
		666AE46D2836E74C001E313C /* Webservice.swift in Sources */ = {isa = PBXBuildFile; fileRef = 666AE46C2836E74C001E313C /* Webservice.swift */; };
		66943E8D2837DDFD00F316AA /* OrderListViewModel.swift in Sources */ = {isa = PBXBuildFile; fileRef = 66943E8C2837DDFC00F316AA /* OrderListViewModel.swift */; };
		66943E902837E12700F316AA /* OrderListView.swift in Sources */ = {isa = PBXBuildFile; fileRef = 66943E8F2837E12700F316AA /* OrderListView.swift */; };
		66943E922837EB2800F316AA /* CreateOrderResponse.swift in Sources */ = {isa = PBXBuildFile; fileRef = 66943E912837EB2800F316AA /* CreateOrderResponse.swift */; };
		66943E942837EF5E00F316AA /* AddCoffeeOrderViewModel.swift in Sources */ = {isa = PBXBuildFile; fileRef = 66943E932837EF5E00F316AA /* AddCoffeeOrderViewModel.swift */; };
		66943E962837F4C700F316AA /* CoffeeViewModel.swift in Sources */ = {isa = PBXBuildFile; fileRef = 66943E952837F4C700F316AA /* CoffeeViewModel.swift */; };
		66943E982838131F00F316AA /* AddCoffeeView.swift in Sources */ = {isa = PBXBuildFile; fileRef = 66943E972838131F00F316AA /* AddCoffeeView.swift */; };
		66943E9A283821A500F316AA /* OrderTotalView.swift in Sources */ = {isa = PBXBuildFile; fileRef = 66943E99283821A500F316AA /* OrderTotalView.swift */; };
/* End PBXBuildFile section */

/* Begin PBXFileReference section */
		666AE4552836E426001E313C /* CoffeeOrdering.app */ = {isa = PBXFileReference; explicitFileType = wrapper.application; includeInIndex = 0; path = CoffeeOrdering.app; sourceTree = BUILT_PRODUCTS_DIR; };
		666AE4582836E426001E313C /* CoffeeOrderingApp.swift */ = {isa = PBXFileReference; lastKnownFileType = sourcecode.swift; path = CoffeeOrderingApp.swift; sourceTree = "<group>"; };
		666AE45A2836E426001E313C /* ContentView.swift */ = {isa = PBXFileReference; lastKnownFileType = sourcecode.swift; path = ContentView.swift; sourceTree = "<group>"; };
		666AE45C2836E429001E313C /* Assets.xcassets */ = {isa = PBXFileReference; lastKnownFileType = folder.assetcatalog; path = Assets.xcassets; sourceTree = "<group>"; };
		666AE45F2836E429001E313C /* Preview Assets.xcassets */ = {isa = PBXFileReference; lastKnownFileType = folder.assetcatalog; path = "Preview Assets.xcassets"; sourceTree = "<group>"; };
		666AE4672836E454001E313C /* Coffee.swift */ = {isa = PBXFileReference; lastKnownFileType = sourcecode.swift; path = Coffee.swift; sourceTree = "<group>"; };
		666AE4692836E689001E313C /* Order.swift */ = {isa = PBXFileReference; lastKnownFileType = sourcecode.swift; path = Order.swift; sourceTree = "<group>"; };
		666AE46C2836E74C001E313C /* Webservice.swift */ = {isa = PBXFileReference; lastKnownFileType = sourcecode.swift; path = Webservice.swift; sourceTree = "<group>"; };
		666AE46E2836EA86001E313C /* Info.plist */ = {isa = PBXFileReference; lastKnownFileType = text.plist; path = Info.plist; sourceTree = "<group>"; };
		66943E8C2837DDFC00F316AA /* OrderListViewModel.swift */ = {isa = PBXFileReference; lastKnownFileType = sourcecode.swift; path = OrderListViewModel.swift; sourceTree = "<group>"; };
		66943E8F2837E12700F316AA /* OrderListView.swift */ = {isa = PBXFileReference; lastKnownFileType = sourcecode.swift; path = OrderListView.swift; sourceTree = "<group>"; };
		66943E912837EB2800F316AA /* CreateOrderResponse.swift */ = {isa = PBXFileReference; lastKnownFileType = sourcecode.swift; path = CreateOrderResponse.swift; sourceTree = "<group>"; };
		66943E932837EF5E00F316AA /* AddCoffeeOrderViewModel.swift */ = {isa = PBXFileReference; lastKnownFileType = sourcecode.swift; path = AddCoffeeOrderViewModel.swift; sourceTree = "<group>"; };
		66943E952837F4C700F316AA /* CoffeeViewModel.swift */ = {isa = PBXFileReference; lastKnownFileType = sourcecode.swift; path = CoffeeViewModel.swift; sourceTree = "<group>"; };
		66943E972838131F00F316AA /* AddCoffeeView.swift */ = {isa = PBXFileReference; lastKnownFileType = sourcecode.swift; path = AddCoffeeView.swift; sourceTree = "<group>"; };
		66943E99283821A500F316AA /* OrderTotalView.swift */ = {isa = PBXFileReference; lastKnownFileType = sourcecode.swift; path = OrderTotalView.swift; sourceTree = "<group>"; };
/* End PBXFileReference section */

/* Begin PBXFrameworksBuildPhase section */
		666AE4522836E426001E313C /* Frameworks */ = {
			isa = PBXFrameworksBuildPhase;
			buildActionMask = 2147483647;
			files = (
			);
			runOnlyForDeploymentPostprocessing = 0;
		};
/* End PBXFrameworksBuildPhase section */

/* Begin PBXGroup section */
		666AE44C2836E426001E313C = {
			isa = PBXGroup;
			children = (
				666AE4572836E426001E313C /* CoffeeOrdering */,
				666AE4562836E426001E313C /* Products */,
			);
			sourceTree = "<group>";
		};
		666AE4562836E426001E313C /* Products */ = {
			isa = PBXGroup;
			children = (
				666AE4552836E426001E313C /* CoffeeOrdering.app */,
			);
			name = Products;
			sourceTree = "<group>";
		};
		666AE4572836E426001E313C /* CoffeeOrdering */ = {
			isa = PBXGroup;
			children = (
				66943E8E2837E0ED00F316AA /* Views */,
				66943E8B2837DDCE00F316AA /* View Models */,
				666AE46E2836EA86001E313C /* Info.plist */,
				666AE46B2836E73B001E313C /* Services */,
				666AE4662836E444001E313C /* Models */,
				666AE4582836E426001E313C /* CoffeeOrderingApp.swift */,
				666AE45C2836E429001E313C /* Assets.xcassets */,
				666AE45E2836E429001E313C /* Preview Content */,
			);
			path = CoffeeOrdering;
			sourceTree = "<group>";
		};
		666AE45E2836E429001E313C /* Preview Content */ = {
			isa = PBXGroup;
			children = (
				666AE45F2836E429001E313C /* Preview Assets.xcassets */,
			);
			path = "Preview Content";
			sourceTree = "<group>";
		};
		666AE4662836E444001E313C /* Models */ = {
			isa = PBXGroup;
			children = (
				666AE4672836E454001E313C /* Coffee.swift */,
				666AE4692836E689001E313C /* Order.swift */,
				66943E912837EB2800F316AA /* CreateOrderResponse.swift */,
			);
			path = Models;
			sourceTree = "<group>";
		};
		666AE46B2836E73B001E313C /* Services */ = {
			isa = PBXGroup;
			children = (
				666AE46C2836E74C001E313C /* Webservice.swift */,
			);
			path = Services;
			sourceTree = "<group>";
		};
		66943E8B2837DDCE00F316AA /* View Models */ = {
			isa = PBXGroup;
			children = (
				66943E8C2837DDFC00F316AA /* OrderListViewModel.swift */,
				66943E932837EF5E00F316AA /* AddCoffeeOrderViewModel.swift */,
				66943E952837F4C700F316AA /* CoffeeViewModel.swift */,
			);
			path = "View Models";
			sourceTree = "<group>";
		};
		66943E8E2837E0ED00F316AA /* Views */ = {
			isa = PBXGroup;
			children = (
				666AE45A2836E426001E313C /* ContentView.swift */,
				66943E8F2837E12700F316AA /* OrderListView.swift */,
				66943E972838131F00F316AA /* AddCoffeeView.swift */,
				66943E99283821A500F316AA /* OrderTotalView.swift */,
			);
			path = Views;
			sourceTree = "<group>";
		};
/* End PBXGroup section */

/* Begin PBXNativeTarget section */
		666AE4542836E426001E313C /* CoffeeOrdering */ = {
			isa = PBXNativeTarget;
			buildConfigurationList = 666AE4632836E429001E313C /* Build configuration list for PBXNativeTarget "CoffeeOrdering" */;
			buildPhases = (
				666AE4512836E426001E313C /* Sources */,
				666AE4522836E426001E313C /* Frameworks */,
				666AE4532836E426001E313C /* Resources */,
			);
			buildRules = (
			);
			dependencies = (
			);
			name = CoffeeOrdering;
			productName = CoffeeOrdering;
			productReference = 666AE4552836E426001E313C /* CoffeeOrdering.app */;
			productType = "com.apple.product-type.application";
		};
/* End PBXNativeTarget section */

/* Begin PBXProject section */
		666AE44D2836E426001E313C /* Project object */ = {
			isa = PBXProject;
			attributes = {
				BuildIndependentTargetsInParallel = 1;
				LastSwiftUpdateCheck = 1340;
				LastUpgradeCheck = 1340;
				TargetAttributes = {
					666AE4542836E426001E313C = {
						CreatedOnToolsVersion = 13.4;
					};
				};
			};
			buildConfigurationList = 666AE4502836E426001E313C /* Build configuration list for PBXProject "CoffeeOrdering" */;
			compatibilityVersion = "Xcode 13.0";
			developmentRegion = en;
			hasScannedForEncodings = 0;
			knownRegions = (
				en,
				Base,
			);
			mainGroup = 666AE44C2836E426001E313C;
			productRefGroup = 666AE4562836E426001E313C /* Products */;
			projectDirPath = "";
			projectRoot = "";
			targets = (
				666AE4542836E426001E313C /* CoffeeOrdering */,
			);
		};
/* End PBXProject section */

/* Begin PBXResourcesBuildPhase section */
		666AE4532836E426001E313C /* Resources */ = {
			isa = PBXResourcesBuildPhase;
			buildActionMask = 2147483647;
			files = (
				666AE4602836E429001E313C /* Preview Assets.xcassets in Resources */,
				666AE45D2836E429001E313C /* Assets.xcassets in Resources */,
			);
			runOnlyForDeploymentPostprocessing = 0;
		};
/* End PBXResourcesBuildPhase section */

/* Begin PBXSourcesBuildPhase section */
		666AE4512836E426001E313C /* Sources */ = {
			isa = PBXSourcesBuildPhase;
			buildActionMask = 2147483647;
			files = (
				666AE45B2836E426001E313C /* ContentView.swift in Sources */,
				666AE4592836E426001E313C /* CoffeeOrderingApp.swift in Sources */,
				66943E962837F4C700F316AA /* CoffeeViewModel.swift in Sources */,
				666AE46A2836E689001E313C /* Order.swift in Sources */,
				66943E922837EB2800F316AA /* CreateOrderResponse.swift in Sources */,
				66943E902837E12700F316AA /* OrderListView.swift in Sources */,
				66943E8D2837DDFD00F316AA /* OrderListViewModel.swift in Sources */,
				666AE46D2836E74C001E313C /* Webservice.swift in Sources */,
				66943E942837EF5E00F316AA /* AddCoffeeOrderViewModel.swift in Sources */,
				66943E982838131F00F316AA /* AddCoffeeView.swift in Sources */,
				66943E9A283821A500F316AA /* OrderTotalView.swift in Sources */,
				666AE4682836E454001E313C /* Coffee.swift in Sources */,
			);
			runOnlyForDeploymentPostprocessing = 0;
		};
/* End PBXSourcesBuildPhase section */

/* Begin XCBuildConfiguration section */
		666AE4612836E429001E313C /* Debug */ = {
			isa = XCBuildConfiguration;
			buildSettings = {
				ALWAYS_SEARCH_USER_PATHS = NO;
				CLANG_ANALYZER_NONNULL = YES;
				CLANG_ANALYZER_NUMBER_OBJECT_CONVERSION = YES_AGGRESSIVE;
				CLANG_CXX_LANGUAGE_STANDARD = "gnu++17";
				CLANG_ENABLE_MODULES = YES;
				CLANG_ENABLE_OBJC_ARC = YES;
				CLANG_ENABLE_OBJC_WEAK = YES;
				CLANG_WARN_BLOCK_CAPTURE_AUTORELEASING = YES;
				CLANG_WARN_BOOL_CONVERSION = YES;
				CLANG_WARN_COMMA = YES;
				CLANG_WARN_CONSTANT_CONVERSION = YES;
				CLANG_WARN_DEPRECATED_OBJC_IMPLEMENTATIONS = YES;
				CLANG_WARN_DIRECT_OBJC_ISA_USAGE = YES_ERROR;
				CLANG_WARN_DOCUMENTATION_COMMENTS = YES;
				CLANG_WARN_EMPTY_BODY = YES;
				CLANG_WARN_ENUM_CONVERSION = YES;
				CLANG_WARN_INFINITE_RECURSION = YES;
				CLANG_WARN_INT_CONVERSION = YES;
				CLANG_WARN_NON_LITERAL_NULL_CONVERSION = YES;
				CLANG_WARN_OBJC_IMPLICIT_RETAIN_SELF = YES;
				CLANG_WARN_OBJC_LITERAL_CONVERSION = YES;
				CLANG_WARN_OBJC_ROOT_CLASS = YES_ERROR;
				CLANG_WARN_QUOTED_INCLUDE_IN_FRAMEWORK_HEADER = YES;
				CLANG_WARN_RANGE_LOOP_ANALYSIS = YES;
				CLANG_WARN_STRICT_PROTOTYPES = YES;
				CLANG_WARN_SUSPICIOUS_MOVE = YES;
				CLANG_WARN_UNGUARDED_AVAILABILITY = YES_AGGRESSIVE;
				CLANG_WARN_UNREACHABLE_CODE = YES;
				CLANG_WARN__DUPLICATE_METHOD_MATCH = YES;
				COPY_PHASE_STRIP = NO;
				DEBUG_INFORMATION_FORMAT = dwarf;
				ENABLE_STRICT_OBJC_MSGSEND = YES;
				ENABLE_TESTABILITY = YES;
				GCC_C_LANGUAGE_STANDARD = gnu11;
				GCC_DYNAMIC_NO_PIC = NO;
				GCC_NO_COMMON_BLOCKS = YES;
				GCC_OPTIMIZATION_LEVEL = 0;
				GCC_PREPROCESSOR_DEFINITIONS = (
					"DEBUG=1",
					"$(inherited)",
				);
				GCC_WARN_64_TO_32_BIT_CONVERSION = YES;
				GCC_WARN_ABOUT_RETURN_TYPE = YES_ERROR;
				GCC_WARN_UNDECLARED_SELECTOR = YES;
				GCC_WARN_UNINITIALIZED_AUTOS = YES_AGGRESSIVE;
				GCC_WARN_UNUSED_FUNCTION = YES;
				GCC_WARN_UNUSED_VARIABLE = YES;
				IPHONEOS_DEPLOYMENT_TARGET = 15.5;
				MTL_ENABLE_DEBUG_INFO = INCLUDE_SOURCE;
				MTL_FAST_MATH = YES;
				ONLY_ACTIVE_ARCH = YES;
				SDKROOT = iphoneos;
				SWIFT_ACTIVE_COMPILATION_CONDITIONS = DEBUG;
				SWIFT_OPTIMIZATION_LEVEL = "-Onone";
			};
			name = Debug;
		};
		666AE4622836E429001E313C /* Release */ = {
			isa = XCBuildConfiguration;
			buildSettings = {
				ALWAYS_SEARCH_USER_PATHS = NO;
				CLANG_ANALYZER_NONNULL = YES;
				CLANG_ANALYZER_NUMBER_OBJECT_CONVERSION = YES_AGGRESSIVE;
				CLANG_CXX_LANGUAGE_STANDARD = "gnu++17";
				CLANG_ENABLE_MODULES = YES;
				CLANG_ENABLE_OBJC_ARC = YES;
				CLANG_ENABLE_OBJC_WEAK = YES;
				CLANG_WARN_BLOCK_CAPTURE_AUTORELEASING = YES;
				CLANG_WARN_BOOL_CONVERSION = YES;
				CLANG_WARN_COMMA = YES;
				CLANG_WARN_CONSTANT_CONVERSION = YES;
				CLANG_WARN_DEPRECATED_OBJC_IMPLEMENTATIONS = YES;
				CLANG_WARN_DIRECT_OBJC_ISA_USAGE = YES_ERROR;
				CLANG_WARN_DOCUMENTATION_COMMENTS = YES;
				CLANG_WARN_EMPTY_BODY = YES;
				CLANG_WARN_ENUM_CONVERSION = YES;
				CLANG_WARN_INFINITE_RECURSION = YES;
				CLANG_WARN_INT_CONVERSION = YES;
				CLANG_WARN_NON_LITERAL_NULL_CONVERSION = YES;
				CLANG_WARN_OBJC_IMPLICIT_RETAIN_SELF = YES;
				CLANG_WARN_OBJC_LITERAL_CONVERSION = YES;
				CLANG_WARN_OBJC_ROOT_CLASS = YES_ERROR;
				CLANG_WARN_QUOTED_INCLUDE_IN_FRAMEWORK_HEADER = YES;
				CLANG_WARN_RANGE_LOOP_ANALYSIS = YES;
				CLANG_WARN_STRICT_PROTOTYPES = YES;
				CLANG_WARN_SUSPICIOUS_MOVE = YES;
				CLANG_WARN_UNGUARDED_AVAILABILITY = YES_AGGRESSIVE;
				CLANG_WARN_UNREACHABLE_CODE = YES;
				CLANG_WARN__DUPLICATE_METHOD_MATCH = YES;
				COPY_PHASE_STRIP = NO;
				DEBUG_INFORMATION_FORMAT = "dwarf-with-dsym";
				ENABLE_NS_ASSERTIONS = NO;
				ENABLE_STRICT_OBJC_MSGSEND = YES;
				GCC_C_LANGUAGE_STANDARD = gnu11;
				GCC_NO_COMMON_BLOCKS = YES;
				GCC_WARN_64_TO_32_BIT_CONVERSION = YES;
				GCC_WARN_ABOUT_RETURN_TYPE = YES_ERROR;
				GCC_WARN_UNDECLARED_SELECTOR = YES;
				GCC_WARN_UNINITIALIZED_AUTOS = YES_AGGRESSIVE;
				GCC_WARN_UNUSED_FUNCTION = YES;
				GCC_WARN_UNUSED_VARIABLE = YES;
				IPHONEOS_DEPLOYMENT_TARGET = 15.5;
				MTL_ENABLE_DEBUG_INFO = NO;
				MTL_FAST_MATH = YES;
				SDKROOT = iphoneos;
				SWIFT_COMPILATION_MODE = wholemodule;
				SWIFT_OPTIMIZATION_LEVEL = "-O";
				VALIDATE_PRODUCT = YES;
			};
			name = Release;
		};
		666AE4642836E429001E313C /* Debug */ = {
			isa = XCBuildConfiguration;
			buildSettings = {
				ASSETCATALOG_COMPILER_APPICON_NAME = AppIcon;
				ASSETCATALOG_COMPILER_GLOBAL_ACCENT_COLOR_NAME = AccentColor;
				CODE_SIGN_STYLE = Automatic;
				CURRENT_PROJECT_VERSION = 1;
				DEVELOPMENT_ASSET_PATHS = "\"CoffeeOrdering/Preview Content\"";
				DEVELOPMENT_TEAM = 3PX6J6VL32;
				ENABLE_PREVIEWS = YES;
				GENERATE_INFOPLIST_FILE = YES;
				INFOPLIST_FILE = CoffeeOrdering/Info.plist;
				INFOPLIST_KEY_UIApplicationSceneManifest_Generation = YES;
				INFOPLIST_KEY_UIApplicationSupportsIndirectInputEvents = YES;
				INFOPLIST_KEY_UILaunchScreen_Generation = YES;
				INFOPLIST_KEY_UISupportedInterfaceOrientations_iPad = "UIInterfaceOrientationPortrait UIInterfaceOrientationPortraitUpsideDown UIInterfaceOrientationLandscapeLeft UIInterfaceOrientationLandscapeRight";
				INFOPLIST_KEY_UISupportedInterfaceOrientations_iPhone = "UIInterfaceOrientationPortrait UIInterfaceOrientationLandscapeLeft UIInterfaceOrientationLandscapeRight";
				LD_RUNPATH_SEARCH_PATHS = (
					"$(inherited)",
					"@executable_path/Frameworks",
				);
				MARKETING_VERSION = 1.0;
				PRODUCT_BUNDLE_IDENTIFIER = com.januszewski.CoffeeOrdering;
				PRODUCT_NAME = "$(TARGET_NAME)";
				SWIFT_EMIT_LOC_STRINGS = YES;
				SWIFT_VERSION = 5.0;
				TARGETED_DEVICE_FAMILY = "1,2";
			};
			name = Debug;
		};
		666AE4652836E429001E313C /* Release */ = {
			isa = XCBuildConfiguration;
			buildSettings = {
				ASSETCATALOG_COMPILER_APPICON_NAME = AppIcon;
				ASSETCATALOG_COMPILER_GLOBAL_ACCENT_COLOR_NAME = AccentColor;
				CODE_SIGN_STYLE = Automatic;
				CURRENT_PROJECT_VERSION = 1;
				DEVELOPMENT_ASSET_PATHS = "\"CoffeeOrdering/Preview Content\"";
				DEVELOPMENT_TEAM = 3PX6J6VL32;
				ENABLE_PREVIEWS = YES;
				GENERATE_INFOPLIST_FILE = YES;
				INFOPLIST_FILE = CoffeeOrdering/Info.plist;
				INFOPLIST_KEY_UIApplicationSceneManifest_Generation = YES;
				INFOPLIST_KEY_UIApplicationSupportsIndirectInputEvents = YES;
				INFOPLIST_KEY_UILaunchScreen_Generation = YES;
				INFOPLIST_KEY_UISupportedInterfaceOrientations_iPad = "UIInterfaceOrientationPortrait UIInterfaceOrientationPortraitUpsideDown UIInterfaceOrientationLandscapeLeft UIInterfaceOrientationLandscapeRight";
				INFOPLIST_KEY_UISupportedInterfaceOrientations_iPhone = "UIInterfaceOrientationPortrait UIInterfaceOrientationLandscapeLeft UIInterfaceOrientationLandscapeRight";
				LD_RUNPATH_SEARCH_PATHS = (
					"$(inherited)",
					"@executable_path/Frameworks",
				);
				MARKETING_VERSION = 1.0;
				PRODUCT_BUNDLE_IDENTIFIER = com.januszewski.CoffeeOrdering;
				PRODUCT_NAME = "$(TARGET_NAME)";
				SWIFT_EMIT_LOC_STRINGS = YES;
				SWIFT_VERSION = 5.0;
				TARGETED_DEVICE_FAMILY = "1,2";
			};
			name = Release;
		};
/* End XCBuildConfiguration section */

/* Begin XCConfigurationList section */
		666AE4502836E426001E313C /* Build configuration list for PBXProject "CoffeeOrdering" */ = {
			isa = XCConfigurationList;
			buildConfigurations = (
				666AE4612836E429001E313C /* Debug */,
				666AE4622836E429001E313C /* Release */,
			);
			defaultConfigurationIsVisible = 0;
			defaultConfigurationName = Release;
		};
		666AE4632836E429001E313C /* Build configuration list for PBXNativeTarget "CoffeeOrdering" */ = {
			isa = XCConfigurationList;
			buildConfigurations = (
				666AE4642836E429001E313C /* Debug */,
				666AE4652836E429001E313C /* Release */,
			);
			defaultConfigurationIsVisible = 0;
			defaultConfigurationName = Release;
		};
/* End XCConfigurationList section */
	};
	rootObject = 666AE44D2836E426001E313C /* Project object */;
}
